
Microsoft Visual Studio Solution File, Format Version 12.00
# Visual Studio Version 17
VisualStudioVersion = 17.11.35219.272
MinimumVisualStudioVersion = 10.0.40219.1
Project("{FAE04EC0-301F-11D3-BF4B-00C04F79EFBC}") = "Autokereskedes", "Autokereskedes\Autokereskedes.csproj", "{8C2EED80-01DE-473C-831F-10E47DE66D25}"
EndProject
Global
	GlobalSection(SolutionConfigurationPlatforms) = preSolution
		Debug|Any CPU = Debug|Any CPU
		Release|Any CPU = Release|Any CPU
	EndGlobalSection
	GlobalSection(ProjectConfigurationPlatforms) = postSolution
		{8C2EED80-01DE-473C-831F-10E47DE66D25}.Debug|Any CPU.ActiveCfg = Debug|Any CPU
		{8C2EED80-01DE-473C-831F-10E47DE66D25}.Debug|Any CPU.Build.0 = Debug|Any CPU
		{8C2EED80-01DE-473C-831F-10E47DE66D25}.Release|Any CPU.ActiveCfg = Release|Any CPU
		{8C2EED80-01DE-473C-831F-10E47DE66D25}.Release|Any CPU.Build.0 = Release|Any CPU
	EndGlobalSection
	GlobalSection(SolutionProperties) = preSolution
		HideSolutionNode = FALSE
	EndGlobalSection
	GlobalSection(ExtensibilityGlobals) = postSolution
		SolutionGuid = {2BE0465B-E765-4FDC-9E4A-935C97F0B354}
	EndGlobalSection
EndGlobal
